
Microsoft Visual Studio Solution File, Format Version 12.00
# Visual Studio 15
VisualStudioVersion = 15.0.26730.16
MinimumVisualStudioVersion = 10.0.40219.1
Project("{FAE04EC0-301F-11D3-BF4B-00C04F79EFBC}") = "usb2snesw", "usb2snesw.csproj", "{B478EAC8-3FA4-46A3-B5D1-FB03E0DA63B5}"
EndProject
Project("{FAE04EC0-301F-11D3-BF4B-00C04F79EFBC}") = "usb2snescore", "usb2snescore\usb2snescore.csproj", "{73DA4FD4-4480-49DB-9C91-E649F5B3B3C6}"
EndProject
Project("{FAE04EC0-301F-11D3-BF4B-00C04F79EFBC}") = "usb2snesnet", "usb2snesnet\usb2snesnet.csproj", "{FC28CF09-D8DF-435F-9F67-CEAF1F4B563F}"
EndProject
Project("{FAE04EC0-301F-11D3-BF4B-00C04F79EFBC}") = "usb2snesviewer", "usb2snesviewer\usb2snesviewer.csproj", "{27BB8549-FDF3-40FA-9438-A1AFE387EA3E}"
EndProject
Project("{FAE04EC0-301F-11D3-BF4B-00C04F79EFBC}") = "Be.Windows.Forms.HexBox", "..\Be.HexEditor-1.6.0\Be.HexEditor-1.6.0\sources\Be.Windows.Forms.HexBox\Be.Windows.Forms.HexBox.csproj", "{26C5F25F-B450-4CAF-AD8B-B8D11AE73457}"
EndProject
Project("{FAE04EC0-301F-11D3-BF4B-00C04F79EFBC}") = "MutexManager", "MutexManager\MutexManager.csproj", "{CE119D2D-F9B6-4FCF-B527-40CAEAEF029C}"
EndProject
Project("{FAE04EC0-301F-11D3-BF4B-00C04F79EFBC}") = "usb2snesbridge", "usb2snesbridge\usb2snesbridge.csproj", "{F6E5F498-BC1A-46F7-8DDA-3C5D3282357F}"
EndProject
Global
	GlobalSection(SolutionConfigurationPlatforms) = preSolution
		Debug|Any CPU = Debug|Any CPU
		Debug|x86 = Debug|x86
		Release|Any CPU = Release|Any CPU
		Release|x86 = Release|x86
	EndGlobalSection
	GlobalSection(ProjectConfigurationPlatforms) = postSolution
		{B478EAC8-3FA4-46A3-B5D1-FB03E0DA63B5}.Debug|Any CPU.ActiveCfg = Debug|Any CPU
		{B478EAC8-3FA4-46A3-B5D1-FB03E0DA63B5}.Debug|Any CPU.Build.0 = Debug|Any CPU
		{B478EAC8-3FA4-46A3-B5D1-FB03E0DA63B5}.Debug|x86.ActiveCfg = Debug|Any CPU
		{B478EAC8-3FA4-46A3-B5D1-FB03E0DA63B5}.Debug|x86.Build.0 = Debug|Any CPU
		{B478EAC8-3FA4-46A3-B5D1-FB03E0DA63B5}.Release|Any CPU.ActiveCfg = Release|Any CPU
		{B478EAC8-3FA4-46A3-B5D1-FB03E0DA63B5}.Release|Any CPU.Build.0 = Release|Any CPU
		{B478EAC8-3FA4-46A3-B5D1-FB03E0DA63B5}.Release|x86.ActiveCfg = Release|Any CPU
		{B478EAC8-3FA4-46A3-B5D1-FB03E0DA63B5}.Release|x86.Build.0 = Release|Any CPU
		{73DA4FD4-4480-49DB-9C91-E649F5B3B3C6}.Debug|Any CPU.ActiveCfg = Debug|Any CPU
		{73DA4FD4-4480-49DB-9C91-E649F5B3B3C6}.Debug|Any CPU.Build.0 = Debug|Any CPU
		{73DA4FD4-4480-49DB-9C91-E649F5B3B3C6}.Debug|x86.ActiveCfg = Debug|Any CPU
		{73DA4FD4-4480-49DB-9C91-E649F5B3B3C6}.Debug|x86.Build.0 = Debug|Any CPU
		{73DA4FD4-4480-49DB-9C91-E649F5B3B3C6}.Release|Any CPU.ActiveCfg = Release|Any CPU
		{73DA4FD4-4480-49DB-9C91-E649F5B3B3C6}.Release|Any CPU.Build.0 = Release|Any CPU
		{73DA4FD4-4480-49DB-9C91-E649F5B3B3C6}.Release|x86.ActiveCfg = Release|Any CPU
		{73DA4FD4-4480-49DB-9C91-E649F5B3B3C6}.Release|x86.Build.0 = Release|Any CPU
		{FC28CF09-D8DF-435F-9F67-CEAF1F4B563F}.Debug|Any CPU.ActiveCfg = Debug|Any CPU
		{FC28CF09-D8DF-435F-9F67-CEAF1F4B563F}.Debug|Any CPU.Build.0 = Debug|Any CPU
		{FC28CF09-D8DF-435F-9F67-CEAF1F4B563F}.Debug|x86.ActiveCfg = Debug|Any CPU
		{FC28CF09-D8DF-435F-9F67-CEAF1F4B563F}.Debug|x86.Build.0 = Debug|Any CPU
		{FC28CF09-D8DF-435F-9F67-CEAF1F4B563F}.Release|Any CPU.ActiveCfg = Release|Any CPU
		{FC28CF09-D8DF-435F-9F67-CEAF1F4B563F}.Release|Any CPU.Build.0 = Release|Any CPU
		{FC28CF09-D8DF-435F-9F67-CEAF1F4B563F}.Release|x86.ActiveCfg = Release|Any CPU
		{FC28CF09-D8DF-435F-9F67-CEAF1F4B563F}.Release|x86.Build.0 = Release|Any CPU
		{27BB8549-FDF3-40FA-9438-A1AFE387EA3E}.Debug|Any CPU.ActiveCfg = Debug|Any CPU
		{27BB8549-FDF3-40FA-9438-A1AFE387EA3E}.Debug|Any CPU.Build.0 = Debug|Any CPU
		{27BB8549-FDF3-40FA-9438-A1AFE387EA3E}.Debug|x86.ActiveCfg = Debug|Any CPU
		{27BB8549-FDF3-40FA-9438-A1AFE387EA3E}.Debug|x86.Build.0 = Debug|Any CPU
		{27BB8549-FDF3-40FA-9438-A1AFE387EA3E}.Release|Any CPU.ActiveCfg = Release|Any CPU
		{27BB8549-FDF3-40FA-9438-A1AFE387EA3E}.Release|Any CPU.Build.0 = Release|Any CPU
		{27BB8549-FDF3-40FA-9438-A1AFE387EA3E}.Release|x86.ActiveCfg = Release|Any CPU
		{27BB8549-FDF3-40FA-9438-A1AFE387EA3E}.Release|x86.Build.0 = Release|Any CPU
		{26C5F25F-B450-4CAF-AD8B-B8D11AE73457}.Debug|Any CPU.ActiveCfg = Debug|Any CPU
		{26C5F25F-B450-4CAF-AD8B-B8D11AE73457}.Debug|Any CPU.Build.0 = Debug|Any CPU
		{26C5F25F-B450-4CAF-AD8B-B8D11AE73457}.Debug|x86.ActiveCfg = Debug|Any CPU
		{26C5F25F-B450-4CAF-AD8B-B8D11AE73457}.Debug|x86.Build.0 = Debug|Any CPU
		{26C5F25F-B450-4CAF-AD8B-B8D11AE73457}.Release|Any CPU.ActiveCfg = Release|Any CPU
		{26C5F25F-B450-4CAF-AD8B-B8D11AE73457}.Release|Any CPU.Build.0 = Release|Any CPU
		{26C5F25F-B450-4CAF-AD8B-B8D11AE73457}.Release|x86.ActiveCfg = Release|Any CPU
		{26C5F25F-B450-4CAF-AD8B-B8D11AE73457}.Release|x86.Build.0 = Release|Any CPU
		{CE119D2D-F9B6-4FCF-B527-40CAEAEF029C}.Debug|Any CPU.ActiveCfg = Debug|Any CPU
		{CE119D2D-F9B6-4FCF-B527-40CAEAEF029C}.Debug|Any CPU.Build.0 = Debug|Any CPU
		{CE119D2D-F9B6-4FCF-B527-40CAEAEF029C}.Debug|x86.ActiveCfg = Debug|Any CPU
		{CE119D2D-F9B6-4FCF-B527-40CAEAEF029C}.Debug|x86.Build.0 = Debug|Any CPU
		{CE119D2D-F9B6-4FCF-B527-40CAEAEF029C}.Release|Any CPU.ActiveCfg = Release|Any CPU
		{CE119D2D-F9B6-4FCF-B527-40CAEAEF029C}.Release|Any CPU.Build.0 = Release|Any CPU
		{CE119D2D-F9B6-4FCF-B527-40CAEAEF029C}.Release|x86.ActiveCfg = Release|Any CPU
		{CE119D2D-F9B6-4FCF-B527-40CAEAEF029C}.Release|x86.Build.0 = Release|Any CPU
		{F6E5F498-BC1A-46F7-8DDA-3C5D3282357F}.Debug|Any CPU.ActiveCfg = Debug|x86
		{F6E5F498-BC1A-46F7-8DDA-3C5D3282357F}.Debug|x86.ActiveCfg = Debug|x86
		{F6E5F498-BC1A-46F7-8DDA-3C5D3282357F}.Debug|x86.Build.0 = Debug|x86
		{F6E5F498-BC1A-46F7-8DDA-3C5D3282357F}.Release|Any CPU.ActiveCfg = Release|x86
		{F6E5F498-BC1A-46F7-8DDA-3C5D3282357F}.Release|x86.ActiveCfg = Release|x86
		{F6E5F498-BC1A-46F7-8DDA-3C5D3282357F}.Release|x86.Build.0 = Release|x86
	EndGlobalSection
	GlobalSection(SolutionProperties) = preSolution
		HideSolutionNode = FALSE
	EndGlobalSection
	GlobalSection(ExtensibilityGlobals) = postSolution
		SolutionGuid = {8A74AB4F-F351-4A9D-91E3-6E6BB4AEC906}
	EndGlobalSection
EndGlobal
