
Microsoft Visual Studio Solution File, Format Version 12.00
# Visual Studio 14
VisualStudioVersion = 14.0.25420.1
MinimumVisualStudioVersion = 10.0.40219.1
Project("{FAE04EC0-301F-11D3-BF4B-00C04F79EFBC}") = "usb2snesw", "usb2snesw.csproj", "{B478EAC8-3FA4-46A3-B5D1-FB03E0DA63B5}"
EndProject
Project("{FAE04EC0-301F-11D3-BF4B-00C04F79EFBC}") = "usb2snesnet", "..\WindowsFormsApplication1\usb2snesnet.csproj", "{FC28CF09-D8DF-435F-9F67-CEAF1F4B563F}"
EndProject
Project("{FAE04EC0-301F-11D3-BF4B-00C04F79EFBC}") = "usb2snescore", "usb2snescore\usb2snescore.csproj", "{73DA4FD4-4480-49DB-9C91-E649F5B3B3C6}"
EndProject
Global
	GlobalSection(SolutionConfigurationPlatforms) = preSolution
		Debug|Any CPU = Debug|Any CPU
		Release|Any CPU = Release|Any CPU
	EndGlobalSection
	GlobalSection(ProjectConfigurationPlatforms) = postSolution
		{B478EAC8-3FA4-46A3-B5D1-FB03E0DA63B5}.Debug|Any CPU.ActiveCfg = Debug|Any CPU
		{B478EAC8-3FA4-46A3-B5D1-FB03E0DA63B5}.Debug|Any CPU.Build.0 = Debug|Any CPU
		{B478EAC8-3FA4-46A3-B5D1-FB03E0DA63B5}.Release|Any CPU.ActiveCfg = Release|Any CPU
		{B478EAC8-3FA4-46A3-B5D1-FB03E0DA63B5}.Release|Any CPU.Build.0 = Release|Any CPU
		{FC28CF09-D8DF-435F-9F67-CEAF1F4B563F}.Debug|Any CPU.ActiveCfg = Debug|Any CPU
		{FC28CF09-D8DF-435F-9F67-CEAF1F4B563F}.Debug|Any CPU.Build.0 = Debug|Any CPU
		{FC28CF09-D8DF-435F-9F67-CEAF1F4B563F}.Release|Any CPU.ActiveCfg = Release|Any CPU
		{FC28CF09-D8DF-435F-9F67-CEAF1F4B563F}.Release|Any CPU.Build.0 = Release|Any CPU
		{73DA4FD4-4480-49DB-9C91-E649F5B3B3C6}.Debug|Any CPU.ActiveCfg = Debug|Any CPU
		{73DA4FD4-4480-49DB-9C91-E649F5B3B3C6}.Debug|Any CPU.Build.0 = Debug|Any CPU
		{73DA4FD4-4480-49DB-9C91-E649F5B3B3C6}.Release|Any CPU.ActiveCfg = Release|Any CPU
		{73DA4FD4-4480-49DB-9C91-E649F5B3B3C6}.Release|Any CPU.Build.0 = Release|Any CPU
	EndGlobalSection
	GlobalSection(SolutionProperties) = preSolution
		HideSolutionNode = FALSE
	EndGlobalSection
EndGlobal
